
Microsoft Visual Studio Solution File, Format Version 12.00
# Visual Studio Version 17
VisualStudioVersion = 17.14.36203.30
MinimumVisualStudioVersion = 10.0.40219.1
Project("{8BC9CEB8-8B4A-11D0-8D11-00A0C91BC942}") = "Engine", "Engine\Engine.vcxproj", "{69610464-CC55-45C5-B33D-B8CAECA38D44}"
EndProject
Project("{8BC9CEB8-8B4A-11D0-8D11-00A0C91BC942}") = "Core", "Core\Core.vcxproj", "{7029B16C-FD1A-455A-ADDD-F85B82EDB2E8}"
EndProject
Project("{8BC9CEB8-8B4A-11D0-8D11-00A0C91BC942}") = "Genesis", "Genesis\Genesis.vcxproj", "{47E9549D-7549-41CB-8E60-CFC791FF737A}"
EndProject
Global
	GlobalSection(SolutionConfigurationPlatforms) = preSolution
		Debug|x64 = Debug|x64
		Debug|x86 = Debug|x86
		Release|x64 = Release|x64
		Release|x86 = Release|x86
	EndGlobalSection
	GlobalSection(ProjectConfigurationPlatforms) = postSolution
		{69610464-CC55-45C5-B33D-B8CAECA38D44}.Debug|x64.ActiveCfg = Debug|x64
		{69610464-CC55-45C5-B33D-B8CAECA38D44}.Debug|x64.Build.0 = Debug|x64
		{69610464-CC55-45C5-B33D-B8CAECA38D44}.Debug|x86.ActiveCfg = Debug|Win32
		{69610464-CC55-45C5-B33D-B8CAECA38D44}.Debug|x86.Build.0 = Debug|Win32
		{69610464-CC55-45C5-B33D-B8CAECA38D44}.Release|x64.ActiveCfg = Release|x64
		{69610464-CC55-45C5-B33D-B8CAECA38D44}.Release|x64.Build.0 = Release|x64
		{69610464-CC55-45C5-B33D-B8CAECA38D44}.Release|x86.ActiveCfg = Release|Win32
		{69610464-CC55-45C5-B33D-B8CAECA38D44}.Release|x86.Build.0 = Release|Win32
		{7029B16C-FD1A-455A-ADDD-F85B82EDB2E8}.Debug|x64.ActiveCfg = Debug|x64
		{7029B16C-FD1A-455A-ADDD-F85B82EDB2E8}.Debug|x64.Build.0 = Debug|x64
		{7029B16C-FD1A-455A-ADDD-F85B82EDB2E8}.Debug|x86.ActiveCfg = Debug|Win32
		{7029B16C-FD1A-455A-ADDD-F85B82EDB2E8}.Debug|x86.Build.0 = Debug|Win32
		{7029B16C-FD1A-455A-ADDD-F85B82EDB2E8}.Release|x64.ActiveCfg = Release|x64
		{7029B16C-FD1A-455A-ADDD-F85B82EDB2E8}.Release|x64.Build.0 = Release|x64
		{7029B16C-FD1A-455A-ADDD-F85B82EDB2E8}.Release|x86.ActiveCfg = Release|Win32
		{7029B16C-FD1A-455A-ADDD-F85B82EDB2E8}.Release|x86.Build.0 = Release|Win32
		{47E9549D-7549-41CB-8E60-CFC791FF737A}.Debug|x64.ActiveCfg = Debug|x64
		{47E9549D-7549-41CB-8E60-CFC791FF737A}.Debug|x64.Build.0 = Debug|x64
		{47E9549D-7549-41CB-8E60-CFC791FF737A}.Debug|x86.ActiveCfg = Debug|Win32
		{47E9549D-7549-41CB-8E60-CFC791FF737A}.Debug|x86.Build.0 = Debug|Win32
		{47E9549D-7549-41CB-8E60-CFC791FF737A}.Release|x64.ActiveCfg = Release|x64
		{47E9549D-7549-41CB-8E60-CFC791FF737A}.Release|x64.Build.0 = Release|x64
		{47E9549D-7549-41CB-8E60-CFC791FF737A}.Release|x86.ActiveCfg = Release|Win32
		{47E9549D-7549-41CB-8E60-CFC791FF737A}.Release|x86.Build.0 = Release|Win32
	EndGlobalSection
	GlobalSection(SolutionProperties) = preSolution
		HideSolutionNode = FALSE
	EndGlobalSection
	GlobalSection(ExtensibilityGlobals) = postSolution
		SolutionGuid = {D9CD75A6-D759-46FC-A9A5-5B3306C1D30E}
	EndGlobalSection
EndGlobal
